
Microsoft Visual Studio Solution File, Format Version 12.00
# Visual Studio Version 17
VisualStudioVersion = 17.8.34511.84
MinimumVisualStudioVersion = 10.0.40219.1
Project("{9A19103F-16F7-4668-BE54-9A1E7A4F7556}") = "EncounterNotes", "Assignment3_Demo\EncounterNotes.csproj", "{95849507-0DCE-4650-A09A-3D3F90689679}"
EndProject
Project("{FAE04EC0-301F-11D3-BF4B-00C04F79EFBC}") = "ClinicLibrary", "ClinicLibrary\ClinicLibrary.csproj", "{02B6FCFE-11FE-4F2D-B5E2-128F7DA1F789}"
EndProject
Global
	GlobalSection(SolutionConfigurationPlatforms) = preSolution
		Debug|Any CPU = Debug|Any CPU
		Release|Any CPU = Release|Any CPU
	EndGlobalSection
	GlobalSection(ProjectConfigurationPlatforms) = postSolution
		{95849507-0DCE-4650-A09A-3D3F90689679}.Debug|Any CPU.ActiveCfg = Debug|Any CPU
		{95849507-0DCE-4650-A09A-3D3F90689679}.Debug|Any CPU.Build.0 = Debug|Any CPU
		{95849507-0DCE-4650-A09A-3D3F90689679}.Release|Any CPU.ActiveCfg = Release|Any CPU
		{95849507-0DCE-4650-A09A-3D3F90689679}.Release|Any CPU.Build.0 = Release|Any CPU
		{02B6FCFE-11FE-4F2D-B5E2-128F7DA1F789}.Debug|Any CPU.ActiveCfg = Debug|Any CPU
		{02B6FCFE-11FE-4F2D-B5E2-128F7DA1F789}.Debug|Any CPU.Build.0 = Debug|Any CPU
		{02B6FCFE-11FE-4F2D-B5E2-128F7DA1F789}.Release|Any CPU.ActiveCfg = Release|Any CPU
		{02B6FCFE-11FE-4F2D-B5E2-128F7DA1F789}.Release|Any CPU.Build.0 = Release|Any CPU
	EndGlobalSection
	GlobalSection(SolutionProperties) = preSolution
		HideSolutionNode = FALSE
	EndGlobalSection
	GlobalSection(ExtensibilityGlobals) = postSolution
		SolutionGuid = {158F735C-49B3-4A4B-8D6F-A684EEC26300}
	EndGlobalSection
EndGlobal
